
Microsoft Visual Studio Solution File, Format Version 12.00
Project("{FAE04EC0-301F-11D3-BF4B-00C04F79EFBC}") = "RedHerring.Extensions", "RedHerring.Extensions\RedHerring.Extensions.csproj", "{54741EC6-762F-4B73-93D1-DA59590EC632}"
EndProject
Project("{FAE04EC0-301F-11D3-BF4B-00C04F79EFBC}") = "RedHerring.Render", "RedHerring.Render\RedHerring.Render.csproj", "{7AEB47B7-1274-487A-8EB2-BF021CC8B510}"
EndProject
Project("{FAE04EC0-301F-11D3-BF4B-00C04F79EFBC}") = "RedHerring.Alexandria", "RedHerring.Alexandria\RedHerring.Alexandria.csproj", "{D9702F58-0AF2-4E14-A78F-63C62F8EC86A}"
EndProject
Project("{FAE04EC0-301F-11D3-BF4B-00C04F79EFBC}") = "RedHerring", "RedHerring\RedHerring.csproj", "{4CB6E889-7D46-496B-994E-A6D710D46489}"
EndProject
Project("{FAE04EC0-301F-11D3-BF4B-00C04F79EFBC}") = "RedHerring.Examples", "RedHerring.Examples\RedHerring.Examples.csproj", "{50AF4158-6606-49A4-A649-77E35B6ECF94}"
EndProject
Project("{FAE04EC0-301F-11D3-BF4B-00C04F79EFBC}") = "RedHerring.Incident", "RedHerring.Incident\RedHerring.Incident.csproj", "{80187185-53D8-4C85-A9F4-77CD45C5EED5}"
EndProject
Project("{FAE04EC0-301F-11D3-BF4B-00C04F79EFBC}") = "RedHerring.Numbers", "RedHerring.Numbers\RedHerring.Numbers.csproj", "{4E3CEF12-80C5-4750-A9BD-00D0A29EC3F2}"
EndProject
Project("{FAE04EC0-301F-11D3-BF4B-00C04F79EFBC}") = "RedHerring.Motive", "RedHerring.Motive\RedHerring.Motive.csproj", "{9CAE84B9-58D0-4770-AC91-91D6FF04077C}"
EndProject
Project("{FAE04EC0-301F-11D3-BF4B-00C04F79EFBC}") = "RedHerring.Fingerprint", "RedHerring.Fingerprint\RedHerring.Fingerprint.csproj", "{0923F672-E900-462A-8DA7-94CFD3C352A9}"
EndProject
Project("{FAE04EC0-301F-11D3-BF4B-00C04F79EFBC}") = "RedHerring.Serialization", "RedHerring.Serialization\RedHerring.Serialization.csproj", "{F65A11E2-FEC6-4A21-8869-274F35E9E761}"
EndProject
Project("{FAE04EC0-301F-11D3-BF4B-00C04F79EFBC}") = "RedHerring.Studio", "RedHerring.Studio\RedHerring.Studio.csproj", "{A0DBE91D-CD40-446D-8DDE-35E767BDB3BF}"
EndProject
Project("{FAE04EC0-301F-11D3-BF4B-00C04F79EFBC}") = "RedHerring.Infusion", "RedHerring.Infusion\RedHerring.Infusion.csproj", "{B9A1CEEC-6733-4293-9EDC-F6A7673A8382}"
EndProject
Project("{FAE04EC0-301F-11D3-BF4B-00C04F79EFBC}") = "RedHerring.Assets", "RedHerring.Assets\RedHerring.Assets.csproj", "{3E686ECC-95FA-4685-88D7-06E9AF1AA8A9}"
EndProject
Global
	GlobalSection(SolutionConfigurationPlatforms) = preSolution
		Debug|Any CPU = Debug|Any CPU
		Release|Any CPU = Release|Any CPU
	EndGlobalSection
	GlobalSection(ProjectConfigurationPlatforms) = postSolution
		{54741EC6-762F-4B73-93D1-DA59590EC632}.Debug|Any CPU.ActiveCfg = Debug|Any CPU
		{54741EC6-762F-4B73-93D1-DA59590EC632}.Debug|Any CPU.Build.0 = Debug|Any CPU
		{54741EC6-762F-4B73-93D1-DA59590EC632}.Release|Any CPU.ActiveCfg = Release|Any CPU
		{54741EC6-762F-4B73-93D1-DA59590EC632}.Release|Any CPU.Build.0 = Release|Any CPU
		{7AEB47B7-1274-487A-8EB2-BF021CC8B510}.Debug|Any CPU.ActiveCfg = Debug|Any CPU
		{7AEB47B7-1274-487A-8EB2-BF021CC8B510}.Debug|Any CPU.Build.0 = Debug|Any CPU
		{7AEB47B7-1274-487A-8EB2-BF021CC8B510}.Release|Any CPU.ActiveCfg = Release|Any CPU
		{7AEB47B7-1274-487A-8EB2-BF021CC8B510}.Release|Any CPU.Build.0 = Release|Any CPU
		{D9702F58-0AF2-4E14-A78F-63C62F8EC86A}.Debug|Any CPU.ActiveCfg = Debug|Any CPU
		{D9702F58-0AF2-4E14-A78F-63C62F8EC86A}.Debug|Any CPU.Build.0 = Debug|Any CPU
		{D9702F58-0AF2-4E14-A78F-63C62F8EC86A}.Release|Any CPU.ActiveCfg = Release|Any CPU
		{D9702F58-0AF2-4E14-A78F-63C62F8EC86A}.Release|Any CPU.Build.0 = Release|Any CPU
		{4CB6E889-7D46-496B-994E-A6D710D46489}.Debug|Any CPU.ActiveCfg = Debug|Any CPU
		{4CB6E889-7D46-496B-994E-A6D710D46489}.Debug|Any CPU.Build.0 = Debug|Any CPU
		{4CB6E889-7D46-496B-994E-A6D710D46489}.Release|Any CPU.ActiveCfg = Release|Any CPU
		{4CB6E889-7D46-496B-994E-A6D710D46489}.Release|Any CPU.Build.0 = Release|Any CPU
		{50AF4158-6606-49A4-A649-77E35B6ECF94}.Debug|Any CPU.ActiveCfg = Debug|Any CPU
		{50AF4158-6606-49A4-A649-77E35B6ECF94}.Debug|Any CPU.Build.0 = Debug|Any CPU
		{50AF4158-6606-49A4-A649-77E35B6ECF94}.Release|Any CPU.ActiveCfg = Release|Any CPU
		{50AF4158-6606-49A4-A649-77E35B6ECF94}.Release|Any CPU.Build.0 = Release|Any CPU
		{80187185-53D8-4C85-A9F4-77CD45C5EED5}.Debug|Any CPU.ActiveCfg = Debug|Any CPU
		{80187185-53D8-4C85-A9F4-77CD45C5EED5}.Debug|Any CPU.Build.0 = Debug|Any CPU
		{80187185-53D8-4C85-A9F4-77CD45C5EED5}.Release|Any CPU.ActiveCfg = Release|Any CPU
		{80187185-53D8-4C85-A9F4-77CD45C5EED5}.Release|Any CPU.Build.0 = Release|Any CPU
		{4E3CEF12-80C5-4750-A9BD-00D0A29EC3F2}.Debug|Any CPU.ActiveCfg = Debug|Any CPU
		{4E3CEF12-80C5-4750-A9BD-00D0A29EC3F2}.Debug|Any CPU.Build.0 = Debug|Any CPU
		{4E3CEF12-80C5-4750-A9BD-00D0A29EC3F2}.Release|Any CPU.ActiveCfg = Release|Any CPU
		{4E3CEF12-80C5-4750-A9BD-00D0A29EC3F2}.Release|Any CPU.Build.0 = Release|Any CPU
		{9CAE84B9-58D0-4770-AC91-91D6FF04077C}.Debug|Any CPU.ActiveCfg = Debug|Any CPU
		{9CAE84B9-58D0-4770-AC91-91D6FF04077C}.Debug|Any CPU.Build.0 = Debug|Any CPU
		{9CAE84B9-58D0-4770-AC91-91D6FF04077C}.Release|Any CPU.ActiveCfg = Release|Any CPU
		{9CAE84B9-58D0-4770-AC91-91D6FF04077C}.Release|Any CPU.Build.0 = Release|Any CPU
		{0923F672-E900-462A-8DA7-94CFD3C352A9}.Debug|Any CPU.ActiveCfg = Debug|Any CPU
		{0923F672-E900-462A-8DA7-94CFD3C352A9}.Debug|Any CPU.Build.0 = Debug|Any CPU
		{0923F672-E900-462A-8DA7-94CFD3C352A9}.Release|Any CPU.ActiveCfg = Release|Any CPU
		{0923F672-E900-462A-8DA7-94CFD3C352A9}.Release|Any CPU.Build.0 = Release|Any CPU
		{F65A11E2-FEC6-4A21-8869-274F35E9E761}.Debug|Any CPU.ActiveCfg = Debug|Any CPU
		{F65A11E2-FEC6-4A21-8869-274F35E9E761}.Debug|Any CPU.Build.0 = Debug|Any CPU
		{F65A11E2-FEC6-4A21-8869-274F35E9E761}.Release|Any CPU.ActiveCfg = Release|Any CPU
		{F65A11E2-FEC6-4A21-8869-274F35E9E761}.Release|Any CPU.Build.0 = Release|Any CPU
		{A0DBE91D-CD40-446D-8DDE-35E767BDB3BF}.Debug|Any CPU.ActiveCfg = Debug|Any CPU
		{A0DBE91D-CD40-446D-8DDE-35E767BDB3BF}.Debug|Any CPU.Build.0 = Debug|Any CPU
		{A0DBE91D-CD40-446D-8DDE-35E767BDB3BF}.Release|Any CPU.ActiveCfg = Release|Any CPU
		{A0DBE91D-CD40-446D-8DDE-35E767BDB3BF}.Release|Any CPU.Build.0 = Release|Any CPU
		{B9A1CEEC-6733-4293-9EDC-F6A7673A8382}.Debug|Any CPU.ActiveCfg = Debug|Any CPU
		{B9A1CEEC-6733-4293-9EDC-F6A7673A8382}.Debug|Any CPU.Build.0 = Debug|Any CPU
		{B9A1CEEC-6733-4293-9EDC-F6A7673A8382}.Release|Any CPU.ActiveCfg = Release|Any CPU
		{B9A1CEEC-6733-4293-9EDC-F6A7673A8382}.Release|Any CPU.Build.0 = Release|Any CPU
		{3E686ECC-95FA-4685-88D7-06E9AF1AA8A9}.Debug|Any CPU.ActiveCfg = Debug|Any CPU
		{3E686ECC-95FA-4685-88D7-06E9AF1AA8A9}.Debug|Any CPU.Build.0 = Debug|Any CPU
		{3E686ECC-95FA-4685-88D7-06E9AF1AA8A9}.Release|Any CPU.ActiveCfg = Release|Any CPU
		{3E686ECC-95FA-4685-88D7-06E9AF1AA8A9}.Release|Any CPU.Build.0 = Release|Any CPU
	EndGlobalSection
EndGlobal
